
Microsoft Visual Studio Solution File, Format Version 12.00
# Visual Studio Version 17
VisualStudioVersion = 17.10.35122.118
MinimumVisualStudioVersion = 10.0.40219.1
Project("{9A19103F-16F7-4668-BE54-9A1E7A4F7556}") = "ConsoleClan", "ConsoleClan.csproj", "{7036786B-2482-4010-801F-5A17317BE46B}"
EndProject
Global
	GlobalSection(SolutionConfigurationPlatforms) = preSolution
		Debug|Any CPU = Debug|Any CPU
		Release|Any CPU = Release|Any CPU
	EndGlobalSection
	GlobalSection(ProjectConfigurationPlatforms) = postSolution
		{7036786B-2482-4010-801F-5A17317BE46B}.Debug|Any CPU.ActiveCfg = Debug|Any CPU
		{7036786B-2482-4010-801F-5A17317BE46B}.Debug|Any CPU.Build.0 = Debug|Any CPU
		{7036786B-2482-4010-801F-5A17317BE46B}.Release|Any CPU.ActiveCfg = Release|Any CPU
		{7036786B-2482-4010-801F-5A17317BE46B}.Release|Any CPU.Build.0 = Release|Any CPU
	EndGlobalSection
	GlobalSection(SolutionProperties) = preSolution
		HideSolutionNode = FALSE
	EndGlobalSection
	GlobalSection(ExtensibilityGlobals) = postSolution
		SolutionGuid = {7A5E9CDF-2BF4-439A-BB72-842753E5BAE1}
	EndGlobalSection
EndGlobal
