
Microsoft Visual Studio Solution File, Format Version 12.00
# Visual Studio Version 17
VisualStudioVersion = 17.10.35122.118
MinimumVisualStudioVersion = 10.0.40219.1
Project("{FAE04EC0-301F-11D3-BF4B-00C04F79EFBC}") = "Wolf.Utilities", "..\Wolf.Utilities\Wolf.Utilities\Wolf.Utilities.csproj", "{8745ACCF-781D-BC5E-E771-42399D6FAE58}"
EndProject
Project("{FAE04EC0-301F-11D3-BF4B-00C04F79EFBC}") = "Wolf.Clan.DataLayer", "Wolf.Clan.DataLayer\Wolf.Clan.DataLayer.csproj", "{5C0D8641-273B-403F-A86A-CEF78ACF8416}"
EndProject
Project("{FAE04EC0-301F-11D3-BF4B-00C04F79EFBC}") = "Wolf.Clan.Console", "Wolf.Clan.Console\Wolf.Clan.Console.csproj", "{4C7615F7-3D70-BA57-71DB-A2D404D3CCD0}"
EndProject
Global
	GlobalSection(SolutionConfigurationPlatforms) = preSolution
		Debug|Any CPU = Debug|Any CPU
		Release|Any CPU = Release|Any CPU
	EndGlobalSection
	GlobalSection(ProjectConfigurationPlatforms) = postSolution
		{8745ACCF-781D-BC5E-E771-42399D6FAE58}.Debug|Any CPU.ActiveCfg = Debug|Any CPU
		{8745ACCF-781D-BC5E-E771-42399D6FAE58}.Debug|Any CPU.Build.0 = Debug|Any CPU
		{8745ACCF-781D-BC5E-E771-42399D6FAE58}.Release|Any CPU.ActiveCfg = Release|Any CPU
		{8745ACCF-781D-BC5E-E771-42399D6FAE58}.Release|Any CPU.Build.0 = Release|Any CPU
		{5C0D8641-273B-403F-A86A-CEF78ACF8416}.Debug|Any CPU.ActiveCfg = Debug|Any CPU
		{5C0D8641-273B-403F-A86A-CEF78ACF8416}.Debug|Any CPU.Build.0 = Debug|Any CPU
		{5C0D8641-273B-403F-A86A-CEF78ACF8416}.Release|Any CPU.ActiveCfg = Release|Any CPU
		{5C0D8641-273B-403F-A86A-CEF78ACF8416}.Release|Any CPU.Build.0 = Release|Any CPU
		{4C7615F7-3D70-BA57-71DB-A2D404D3CCD0}.Debug|Any CPU.ActiveCfg = Debug|Any CPU
		{4C7615F7-3D70-BA57-71DB-A2D404D3CCD0}.Debug|Any CPU.Build.0 = Debug|Any CPU
		{4C7615F7-3D70-BA57-71DB-A2D404D3CCD0}.Release|Any CPU.ActiveCfg = Release|Any CPU
		{4C7615F7-3D70-BA57-71DB-A2D404D3CCD0}.Release|Any CPU.Build.0 = Release|Any CPU
	EndGlobalSection
	GlobalSection(SolutionProperties) = preSolution
		HideSolutionNode = FALSE
	EndGlobalSection
	GlobalSection(ExtensibilityGlobals) = postSolution
		SolutionGuid = {7A5E9CDF-2BF4-439A-BB72-842753E5BAE1}
	EndGlobalSection
EndGlobal
